
Microsoft Visual Studio Solution File, Format Version 12.00
# Visual Studio 15
VisualStudioVersion = 15.0.27130.2020
MinimumVisualStudioVersion = 10.0.40219.1
Project("{FAE04EC0-301F-11D3-BF4B-00C04F79EFBC}") = "MegaDesk2ABJ", "MegaEscritorioDesktop\MegaDesk2ABJ.csproj", "{A1F62A50-4AE6-4FF6-BC60-3E642AB0D80B}"
EndProject
Global
	GlobalSection(SolutionConfigurationPlatforms) = preSolution
		Debug|Any CPU = Debug|Any CPU
		Release|Any CPU = Release|Any CPU
	EndGlobalSection
	GlobalSection(ProjectConfigurationPlatforms) = postSolution
		{A1F62A50-4AE6-4FF6-BC60-3E642AB0D80B}.Debug|Any CPU.ActiveCfg = Debug|Any CPU
		{A1F62A50-4AE6-4FF6-BC60-3E642AB0D80B}.Debug|Any CPU.Build.0 = Debug|Any CPU
		{A1F62A50-4AE6-4FF6-BC60-3E642AB0D80B}.Release|Any CPU.ActiveCfg = Release|Any CPU
		{A1F62A50-4AE6-4FF6-BC60-3E642AB0D80B}.Release|Any CPU.Build.0 = Release|Any CPU
	EndGlobalSection
	GlobalSection(SolutionProperties) = preSolution
		HideSolutionNode = FALSE
	EndGlobalSection
	GlobalSection(ExtensibilityGlobals) = postSolution
		SolutionGuid = {EAD10514-5CB4-4CEA-95ED-B53FCBC5BC9B}
	EndGlobalSection
EndGlobal
